
Microsoft Visual Studio Solution File, Format Version 12.00
# Visual Studio Version 17
VisualStudioVersion = 17.0.31903.59
MinimumVisualStudioVersion = 10.0.40219.1
Project("{FAE04EC0-301F-11D3-BF4B-00C04F79EFBC}") = "MySQLClientShow.App", "MySQLClientShow.App\MySQLClientShow.App.csproj", "{63180FD2-B062-4395-A22C-B9E89D1D602A}"
EndProject
Project("{FAE04EC0-301F-11D3-BF4B-00C04F79EFBC}") = "MySQLClientShow.Tests", "MySQLClientShow.Tests\MySQLClientShow.Tests.csproj", "{1D2DFEA9-C2C5-49F7-B700-D9E6B953BF03}"
EndProject
Global
	GlobalSection(SolutionConfigurationPlatforms) = preSolution
		Debug|Any CPU = Debug|Any CPU
		Debug|x64 = Debug|x64
		Debug|x86 = Debug|x86
		Release|Any CPU = Release|Any CPU
		Release|x64 = Release|x64
		Release|x86 = Release|x86
	EndGlobalSection
	GlobalSection(ProjectConfigurationPlatforms) = postSolution
		{63180FD2-B062-4395-A22C-B9E89D1D602A}.Debug|Any CPU.ActiveCfg = Debug|Any CPU
		{63180FD2-B062-4395-A22C-B9E89D1D602A}.Debug|Any CPU.Build.0 = Debug|Any CPU
		{63180FD2-B062-4395-A22C-B9E89D1D602A}.Debug|x64.ActiveCfg = Debug|Any CPU
		{63180FD2-B062-4395-A22C-B9E89D1D602A}.Debug|x64.Build.0 = Debug|Any CPU
		{63180FD2-B062-4395-A22C-B9E89D1D602A}.Debug|x86.ActiveCfg = Debug|Any CPU
		{63180FD2-B062-4395-A22C-B9E89D1D602A}.Debug|x86.Build.0 = Debug|Any CPU
		{63180FD2-B062-4395-A22C-B9E89D1D602A}.Release|Any CPU.ActiveCfg = Release|Any CPU
		{63180FD2-B062-4395-A22C-B9E89D1D602A}.Release|Any CPU.Build.0 = Release|Any CPU
		{63180FD2-B062-4395-A22C-B9E89D1D602A}.Release|x64.ActiveCfg = Release|Any CPU
		{63180FD2-B062-4395-A22C-B9E89D1D602A}.Release|x64.Build.0 = Release|Any CPU
		{63180FD2-B062-4395-A22C-B9E89D1D602A}.Release|x86.ActiveCfg = Release|Any CPU
		{63180FD2-B062-4395-A22C-B9E89D1D602A}.Release|x86.Build.0 = Release|Any CPU
		{1D2DFEA9-C2C5-49F7-B700-D9E6B953BF03}.Debug|Any CPU.ActiveCfg = Debug|Any CPU
		{1D2DFEA9-C2C5-49F7-B700-D9E6B953BF03}.Debug|Any CPU.Build.0 = Debug|Any CPU
		{1D2DFEA9-C2C5-49F7-B700-D9E6B953BF03}.Debug|x64.ActiveCfg = Debug|Any CPU
		{1D2DFEA9-C2C5-49F7-B700-D9E6B953BF03}.Debug|x64.Build.0 = Debug|Any CPU
		{1D2DFEA9-C2C5-49F7-B700-D9E6B953BF03}.Debug|x86.ActiveCfg = Debug|Any CPU
		{1D2DFEA9-C2C5-49F7-B700-D9E6B953BF03}.Debug|x86.Build.0 = Debug|Any CPU
		{1D2DFEA9-C2C5-49F7-B700-D9E6B953BF03}.Release|Any CPU.ActiveCfg = Release|Any CPU
		{1D2DFEA9-C2C5-49F7-B700-D9E6B953BF03}.Release|Any CPU.Build.0 = Release|Any CPU
		{1D2DFEA9-C2C5-49F7-B700-D9E6B953BF03}.Release|x64.ActiveCfg = Release|Any CPU
		{1D2DFEA9-C2C5-49F7-B700-D9E6B953BF03}.Release|x64.Build.0 = Release|Any CPU
		{1D2DFEA9-C2C5-49F7-B700-D9E6B953BF03}.Release|x86.ActiveCfg = Release|Any CPU
		{1D2DFEA9-C2C5-49F7-B700-D9E6B953BF03}.Release|x86.Build.0 = Release|Any CPU
	EndGlobalSection
	GlobalSection(SolutionProperties) = preSolution
		HideSolutionNode = FALSE
	EndGlobalSection
EndGlobal
